
Microsoft Visual Studio Solution File, Format Version 12.00
# Visual Studio 15
VisualStudioVersion = 15.0.26606.0
MinimumVisualStudioVersion = 10.0.40219.1
Project("{DA7A21FA-8162-4350-AD77-A8D1B671F3ED}") = "Esame Stefanini Prima Parte", "rproject2\Esame Stefanini Prima Parte.rxproj", "{D93A26F4-8CB5-45BE-BC17-7BFB5EEC788B}"
EndProject
Project("{DA7A21FA-8162-4350-AD77-A8D1B671F3ED}") = "Esercitazioni varie stefanini", "Esercitazioni varie stefanini\Esercitazioni varie stefanini.rxproj", "{D2110538-ADBB-4B0B-8B32-7F147AADA9EB}"
EndProject
Global
	GlobalSection(SolutionConfigurationPlatforms) = preSolution
		Debug|Any CPU = Debug|Any CPU
		Release|Any CPU = Release|Any CPU
	EndGlobalSection
	GlobalSection(ProjectConfigurationPlatforms) = postSolution
		{D93A26F4-8CB5-45BE-BC17-7BFB5EEC788B}.Debug|Any CPU.ActiveCfg = Debug|Any CPU
		{D93A26F4-8CB5-45BE-BC17-7BFB5EEC788B}.Debug|Any CPU.Build.0 = Debug|Any CPU
		{D93A26F4-8CB5-45BE-BC17-7BFB5EEC788B}.Release|Any CPU.ActiveCfg = Release|Any CPU
		{D93A26F4-8CB5-45BE-BC17-7BFB5EEC788B}.Release|Any CPU.Build.0 = Release|Any CPU
		{D2110538-ADBB-4B0B-8B32-7F147AADA9EB}.Debug|Any CPU.ActiveCfg = Debug|Any CPU
		{D2110538-ADBB-4B0B-8B32-7F147AADA9EB}.Debug|Any CPU.Build.0 = Debug|Any CPU
		{D2110538-ADBB-4B0B-8B32-7F147AADA9EB}.Release|Any CPU.ActiveCfg = Release|Any CPU
		{D2110538-ADBB-4B0B-8B32-7F147AADA9EB}.Release|Any CPU.Build.0 = Release|Any CPU
	EndGlobalSection
	GlobalSection(SolutionProperties) = preSolution
		HideSolutionNode = FALSE
	EndGlobalSection
EndGlobal
