
Microsoft Visual Studio Solution File, Format Version 12.00
# Visual Studio 15
VisualStudioVersion = 15.0.26507.0
MinimumVisualStudioVersion = 10.0.40219.1
Project("{DA7A21FA-8162-4350-AD77-A8D1B671F3ED}") = "rproject2", "rproject2\rproject2.rxproj", "{D93A26F4-8CB5-45BE-BC17-7BFB5EEC788B}"
EndProject
Global
	GlobalSection(SolutionConfigurationPlatforms) = preSolution
		Debug|Any CPU = Debug|Any CPU
		Release|Any CPU = Release|Any CPU
	EndGlobalSection
	GlobalSection(ProjectConfigurationPlatforms) = postSolution
		{D93A26F4-8CB5-45BE-BC17-7BFB5EEC788B}.Debug|Any CPU.ActiveCfg = Debug|Any CPU
		{D93A26F4-8CB5-45BE-BC17-7BFB5EEC788B}.Debug|Any CPU.Build.0 = Debug|Any CPU
		{D93A26F4-8CB5-45BE-BC17-7BFB5EEC788B}.Release|Any CPU.ActiveCfg = Release|Any CPU
		{D93A26F4-8CB5-45BE-BC17-7BFB5EEC788B}.Release|Any CPU.Build.0 = Release|Any CPU
	EndGlobalSection
	GlobalSection(SolutionProperties) = preSolution
		HideSolutionNode = FALSE
	EndGlobalSection
EndGlobal
